
Microsoft Visual Studio Solution File, Format Version 12.00
# Visual Studio 14
VisualStudioVersion = 14.0.25420.1
MinimumVisualStudioVersion = 10.0.40219.1
Project("{FAE04EC0-301F-11D3-BF4B-00C04F79EFBC}") = "SharpCG", "SharpCG\SharpCG.csproj", "{7146993A-F761-40CD-AA77-727289B9EAFC}"
EndProject
Project("{FAE04EC0-301F-11D3-BF4B-00C04F79EFBC}") = "SharpCG.Base", "SharpCG.Base\SharpCG.Base.csproj", "{5AA0857E-676C-4A39-AEF3-B7837B963A87}"
EndProject
Project("{FAE04EC0-301F-11D3-BF4B-00C04F79EFBC}") = "SharpCG.Base.Rendering", "SharpCG.Base.Rendering\SharpCG.Base.Rendering.csproj", "{3202AE4C-6834-4247-B458-9CCC3CEF118C}"
EndProject
Project("{FAE04EC0-301F-11D3-BF4B-00C04F79EFBC}") = "SharpCG.Base.Scenegraph", "SharpCG.Base.Scenegraph\SharpCG.Base.Scenegraph.csproj", "{BF0203FF-64C1-443F-8534-A91117D863FD}"
EndProject
Project("{FAE04EC0-301F-11D3-BF4B-00C04F79EFBC}") = "SharpCG.Demo", "SharpCG.Demo\SharpCG.Demo.csproj", "{FE9DE4FE-8B6C-494C-B7BA-06FB77510016}"
EndProject
Project("{2150E333-8FDC-42A3-9474-1A3956D46DE8}") = "Shader", "Shader", "{E3654DF7-9D33-4C6C-855D-63B8867EF924}"
	ProjectSection(SolutionItems) = preProject
		Shader\deferredGeometryPass.frag = Shader\deferredGeometryPass.frag
		Shader\deferredGeometryPass.vert = Shader\deferredGeometryPass.vert
		Shader\deferredLightingPass.frag = Shader\deferredLightingPass.frag
		Shader\deferredLightingPass.vert = Shader\deferredLightingPass.vert
		Shader\simpleLighting.frag = Shader\simpleLighting.frag
		Shader\simpleLighting.vert = Shader\simpleLighting.vert
		Shader\skybox.frag = Shader\skybox.frag
		Shader\skybox.vert = Shader\skybox.vert
	EndProjectSection
EndProject
Global
	GlobalSection(SolutionConfigurationPlatforms) = preSolution
		Debug|Any CPU = Debug|Any CPU
		Release|Any CPU = Release|Any CPU
	EndGlobalSection
	GlobalSection(ProjectConfigurationPlatforms) = postSolution
		{7146993A-F761-40CD-AA77-727289B9EAFC}.Debug|Any CPU.ActiveCfg = Debug|Any CPU
		{7146993A-F761-40CD-AA77-727289B9EAFC}.Debug|Any CPU.Build.0 = Debug|Any CPU
		{7146993A-F761-40CD-AA77-727289B9EAFC}.Release|Any CPU.ActiveCfg = Release|Any CPU
		{7146993A-F761-40CD-AA77-727289B9EAFC}.Release|Any CPU.Build.0 = Release|Any CPU
		{5AA0857E-676C-4A39-AEF3-B7837B963A87}.Debug|Any CPU.ActiveCfg = Debug|Any CPU
		{5AA0857E-676C-4A39-AEF3-B7837B963A87}.Debug|Any CPU.Build.0 = Debug|Any CPU
		{5AA0857E-676C-4A39-AEF3-B7837B963A87}.Release|Any CPU.ActiveCfg = Release|Any CPU
		{5AA0857E-676C-4A39-AEF3-B7837B963A87}.Release|Any CPU.Build.0 = Release|Any CPU
		{3202AE4C-6834-4247-B458-9CCC3CEF118C}.Debug|Any CPU.ActiveCfg = Debug|Any CPU
		{3202AE4C-6834-4247-B458-9CCC3CEF118C}.Debug|Any CPU.Build.0 = Debug|Any CPU
		{3202AE4C-6834-4247-B458-9CCC3CEF118C}.Release|Any CPU.ActiveCfg = Release|Any CPU
		{3202AE4C-6834-4247-B458-9CCC3CEF118C}.Release|Any CPU.Build.0 = Release|Any CPU
		{BF0203FF-64C1-443F-8534-A91117D863FD}.Debug|Any CPU.ActiveCfg = Debug|Any CPU
		{BF0203FF-64C1-443F-8534-A91117D863FD}.Debug|Any CPU.Build.0 = Debug|Any CPU
		{BF0203FF-64C1-443F-8534-A91117D863FD}.Release|Any CPU.ActiveCfg = Release|Any CPU
		{BF0203FF-64C1-443F-8534-A91117D863FD}.Release|Any CPU.Build.0 = Release|Any CPU
		{FE9DE4FE-8B6C-494C-B7BA-06FB77510016}.Debug|Any CPU.ActiveCfg = Debug|Any CPU
		{FE9DE4FE-8B6C-494C-B7BA-06FB77510016}.Debug|Any CPU.Build.0 = Debug|Any CPU
		{FE9DE4FE-8B6C-494C-B7BA-06FB77510016}.Release|Any CPU.ActiveCfg = Release|Any CPU
		{FE9DE4FE-8B6C-494C-B7BA-06FB77510016}.Release|Any CPU.Build.0 = Release|Any CPU
	EndGlobalSection
	GlobalSection(SolutionProperties) = preSolution
		HideSolutionNode = FALSE
	EndGlobalSection
EndGlobal
